
Microsoft Visual Studio Solution File, Format Version 12.00
# Visual Studio Version 17
VisualStudioVersion = 17.3.32922.545
MinimumVisualStudioVersion = 10.0.40219.1
Project("{FAE04EC0-301F-11D3-BF4B-00C04F79EFBC}") = "Economics", "Economics.csproj", "{A7F32289-06FB-4D3F-BEEC-D9D30B63A9BB}"
EndProject
Global
	GlobalSection(SolutionConfigurationPlatforms) = preSolution
		Debug|Any CPU = Debug|Any CPU
		Release|Any CPU = Release|Any CPU
	EndGlobalSection
	GlobalSection(ProjectConfigurationPlatforms) = postSolution
		{A7F32289-06FB-4D3F-BEEC-D9D30B63A9BB}.Debug|Any CPU.ActiveCfg = Debug|Any CPU
		{A7F32289-06FB-4D3F-BEEC-D9D30B63A9BB}.Debug|Any CPU.Build.0 = Debug|Any CPU
		{A7F32289-06FB-4D3F-BEEC-D9D30B63A9BB}.Release|Any CPU.ActiveCfg = Release|Any CPU
		{A7F32289-06FB-4D3F-BEEC-D9D30B63A9BB}.Release|Any CPU.Build.0 = Release|Any CPU
	EndGlobalSection
	GlobalSection(SolutionProperties) = preSolution
		HideSolutionNode = FALSE
	EndGlobalSection
	GlobalSection(ExtensibilityGlobals) = postSolution
		SolutionGuid = {162768F8-F4BB-44E6-B6FA-71D308670166}
	EndGlobalSection
EndGlobal
